
Microsoft Visual Studio Solution File, Format Version 12.00
# Visual Studio Version 16
VisualStudioVersion = 16.0.31702.278
MinimumVisualStudioVersion = 10.0.40219.1
Project("{FAE04EC0-301F-11D3-BF4B-00C04F79EFBC}") = "Login", "Login\Login.csproj", "{B546412F-3DDD-43E7-A8FE-E230D97891A1}"
	ProjectSection(ProjectDependencies) = postProject
		{6A922311-1365-430D-AD54-03547976561E} = {6A922311-1365-430D-AD54-03547976561E}
	EndProjectSection
EndProject
Project("{FAE04EC0-301F-11D3-BF4B-00C04F79EFBC}") = "Controller", "Controller\Controller.csproj", "{41A2E85E-3C70-4357-A42A-BBC612715E22}"
EndProject
Project("{FAE04EC0-301F-11D3-BF4B-00C04F79EFBC}") = "Model", "Model\Model.csproj", "{6A922311-1365-430D-AD54-03547976561E}"
	ProjectSection(ProjectDependencies) = postProject
		{41A2E85E-3C70-4357-A42A-BBC612715E22} = {41A2E85E-3C70-4357-A42A-BBC612715E22}
	EndProjectSection
EndProject
Global
	GlobalSection(SolutionConfigurationPlatforms) = preSolution
		Debug|Any CPU = Debug|Any CPU
		Release|Any CPU = Release|Any CPU
	EndGlobalSection
	GlobalSection(ProjectConfigurationPlatforms) = postSolution
		{B546412F-3DDD-43E7-A8FE-E230D97891A1}.Debug|Any CPU.ActiveCfg = Debug|Any CPU
		{B546412F-3DDD-43E7-A8FE-E230D97891A1}.Debug|Any CPU.Build.0 = Debug|Any CPU
		{B546412F-3DDD-43E7-A8FE-E230D97891A1}.Release|Any CPU.ActiveCfg = Release|Any CPU
		{B546412F-3DDD-43E7-A8FE-E230D97891A1}.Release|Any CPU.Build.0 = Release|Any CPU
		{41A2E85E-3C70-4357-A42A-BBC612715E22}.Debug|Any CPU.ActiveCfg = Debug|Any CPU
		{41A2E85E-3C70-4357-A42A-BBC612715E22}.Debug|Any CPU.Build.0 = Debug|Any CPU
		{41A2E85E-3C70-4357-A42A-BBC612715E22}.Release|Any CPU.ActiveCfg = Release|Any CPU
		{41A2E85E-3C70-4357-A42A-BBC612715E22}.Release|Any CPU.Build.0 = Release|Any CPU
		{6A922311-1365-430D-AD54-03547976561E}.Debug|Any CPU.ActiveCfg = Debug|Any CPU
		{6A922311-1365-430D-AD54-03547976561E}.Debug|Any CPU.Build.0 = Debug|Any CPU
		{6A922311-1365-430D-AD54-03547976561E}.Release|Any CPU.ActiveCfg = Release|Any CPU
		{6A922311-1365-430D-AD54-03547976561E}.Release|Any CPU.Build.0 = Release|Any CPU
	EndGlobalSection
	GlobalSection(SolutionProperties) = preSolution
		HideSolutionNode = FALSE
	EndGlobalSection
	GlobalSection(ExtensibilityGlobals) = postSolution
		SolutionGuid = {F48ED3EC-B362-4B53-8EA4-31DECB4410C1}
	EndGlobalSection
EndGlobal
